
Microsoft Visual Studio Solution File, Format Version 12.00
# Visual Studio Version 16
VisualStudioVersion = 16.0.31205.134
MinimumVisualStudioVersion = 10.0.40219.1
Project("{FAE04EC0-301F-11D3-BF4B-00C04F79EFBC}") = "CsharpTuple", "CsharpTuple\CsharpTuple.csproj", "{C64C9399-76BD-43CD-91AD-0D718E969AB0}"
EndProject
Global
	GlobalSection(SolutionConfigurationPlatforms) = preSolution
		Debug|Any CPU = Debug|Any CPU
		Release|Any CPU = Release|Any CPU
	EndGlobalSection
	GlobalSection(ProjectConfigurationPlatforms) = postSolution
		{C64C9399-76BD-43CD-91AD-0D718E969AB0}.Debug|Any CPU.ActiveCfg = Debug|Any CPU
		{C64C9399-76BD-43CD-91AD-0D718E969AB0}.Debug|Any CPU.Build.0 = Debug|Any CPU
		{C64C9399-76BD-43CD-91AD-0D718E969AB0}.Release|Any CPU.ActiveCfg = Release|Any CPU
		{C64C9399-76BD-43CD-91AD-0D718E969AB0}.Release|Any CPU.Build.0 = Release|Any CPU
	EndGlobalSection
	GlobalSection(SolutionProperties) = preSolution
		HideSolutionNode = FALSE
	EndGlobalSection
	GlobalSection(ExtensibilityGlobals) = postSolution
		SolutionGuid = {4666A9C9-4FC6-4211-8464-2A888A4D3176}
	EndGlobalSection
EndGlobal
